PODS:
  - Alamofire (3.4.0)
  - Material (1.41.4)
  - SnapKit (0.21.0)
  - SVProgressHUD (2.0.3)

DEPENDENCIES:
  - Alamofire (~> 3.4)
  - Material (~> 1.0)
  - SnapKit
  - SVProgressHUD

SPEC CHECKSUMS:
  Alamofire: c19a627cefd6a95f840401c49ab1f124e07f54ee
  Material: b477d6daa20aeba2359eb87ec9045e9b4d4358f0
  SnapKit: 2756fe24b706367af224c9c508d2f9166d03354c
  SVProgressHUD: b0830714205bea1317ea1a2ebc71e5633af334d4

PODFILE CHECKSUM: 0808dcbe45d0ddac4d16e759ec392ab1ed7eb618

COCOAPODS: 1.0.1
